// !$*UTF8*$!
{
	archiveVersion = 1;
	classes = {
	};
	objectVersion = 56;
	objects = {

/* Begin PBXBuildFile section */
		66669C922A12128000885A1A /* ScrumdingerApp.swift in Sources */ = {isa = PBXBuildFile; fileRef = 66669C912A12128000885A1A /* ScrumdingerApp.swift */; };
		66669C942A12128000885A1A /* MeetingView.swift in Sources */ = {isa = PBXBuildFile; fileRef = 66669C932A12128000885A1A /* MeetingView.swift */; };
		66669C962A12128100885A1A /* Assets.xcassets in Resources */ = {isa = PBXBuildFile; fileRef = 66669C952A12128100885A1A /* Assets.xcassets */; };
		66669C992A12128100885A1A /* Preview Assets.xcassets in Resources */ = {isa = PBXBuildFile; fileRef = 66669C982A12128100885A1A /* Preview Assets.xcassets */; };
		668257412A15161E00EC9D7D /* Theme.swift in Sources */ = {isa = PBXBuildFile; fileRef = 668257402A15161D00EC9D7D /* Theme.swift */; };
		668257432A15B79000EC9D7D /* DailyScrum.swift in Sources */ = {isa = PBXBuildFile; fileRef = 668257422A15B79000EC9D7D /* DailyScrum.swift */; };
		66A17CC52A2B15CD0040CB69 /* DetailView.swift in Sources */ = {isa = PBXBuildFile; fileRef = 66A17CC42A2B15CD0040CB69 /* DetailView.swift */; };
		66A17CC72A2B1AF10040CB69 /* DetailEditView.swift in Sources */ = {isa = PBXBuildFile; fileRef = 66A17CC62A2B1AF10040CB69 /* DetailEditView.swift */; };
		66A17CC92A2BAE970040CB69 /* ThemeView.swift in Sources */ = {isa = PBXBuildFile; fileRef = 66A17CC82A2BAE970040CB69 /* ThemeView.swift */; };
		66A17CCB2A2BAF4E0040CB69 /* ThemePicker.swift in Sources */ = {isa = PBXBuildFile; fileRef = 66A17CCA2A2BAF4E0040CB69 /* ThemePicker.swift */; };
		66A17CCD2A2E06FB0040CB69 /* MeetingHeaderView.swift in Sources */ = {isa = PBXBuildFile; fileRef = 66A17CCC2A2E06FB0040CB69 /* MeetingHeaderView.swift */; };
		66A17CD02A2E09600040CB69 /* ScrumProgressViewStyle.swift in Sources */ = {isa = PBXBuildFile; fileRef = 66A17CCF2A2E09600040CB69 /* ScrumProgressViewStyle.swift */; };
		66A17CD22A2E0A290040CB69 /* ScrumTimer.swift in Sources */ = {isa = PBXBuildFile; fileRef = 66A17CD12A2E0A290040CB69 /* ScrumTimer.swift */; };
		66A17CD42A2E0AFD0040CB69 /* MeetingFooterView.swift in Sources */ = {isa = PBXBuildFile; fileRef = 66A17CD32A2E0AFD0040CB69 /* MeetingFooterView.swift */; };
		66A17CD62A2E0D6A0040CB69 /* NewScrumSheet.swift in Sources */ = {isa = PBXBuildFile; fileRef = 66A17CD52A2E0D690040CB69 /* NewScrumSheet.swift */; };
		66B4AB872A15D506006D4CAF /* CardView.swift in Sources */ = {isa = PBXBuildFile; fileRef = 66B4AB862A15D506006D4CAF /* CardView.swift */; };
		66B4AB892A15DFD3006D4CAF /* TrailingIconLabelStyle.swift in Sources */ = {isa = PBXBuildFile; fileRef = 66B4AB882A15DFD3006D4CAF /* TrailingIconLabelStyle.swift */; };
		66B4AB8B2A15E11F006D4CAF /* ScrumsView.swift in Sources */ = {isa = PBXBuildFile; fileRef = 66B4AB8A2A15E11F006D4CAF /* ScrumsView.swift */; };
/* End PBXBuildFile section */

/* Begin PBXFileReference section */
		66669C8E2A12128000885A1A /* Scrumdinger.app */ = {isa = PBXFileReference; explicitFileType = wrapper.application; includeInIndex = 0; path = Scrumdinger.app; sourceTree = BUILT_PRODUCTS_DIR; };
		66669C912A12128000885A1A /* ScrumdingerApp.swift */ = {isa = PBXFileReference; lastKnownFileType = sourcecode.swift; path = ScrumdingerApp.swift; sourceTree = "<group>"; };
		66669C932A12128000885A1A /* MeetingView.swift */ = {isa = PBXFileReference; lastKnownFileType = sourcecode.swift; path = MeetingView.swift; sourceTree = "<group>"; };
		66669C952A12128100885A1A /* Assets.xcassets */ = {isa = PBXFileReference; lastKnownFileType = folder.assetcatalog; path = Assets.xcassets; sourceTree = "<group>"; };
		66669C982A12128100885A1A /* Preview Assets.xcassets */ = {isa = PBXFileReference; lastKnownFileType = folder.assetcatalog; path = "Preview Assets.xcassets"; sourceTree = "<group>"; };
		668257402A15161D00EC9D7D /* Theme.swift */ = {isa = PBXFileReference; lastKnownFileType = sourcecode.swift; name = Theme.swift; path = scrumdinger/Models/Theme.swift; sourceTree = SOURCE_ROOT; };
		668257422A15B79000EC9D7D /* DailyScrum.swift */ = {isa = PBXFileReference; lastKnownFileType = sourcecode.swift; name = DailyScrum.swift; path = scrumdinger/Models/DailyScrum.swift; sourceTree = SOURCE_ROOT; };
		66A17CC42A2B15CD0040CB69 /* DetailView.swift */ = {isa = PBXFileReference; lastKnownFileType = sourcecode.swift; name = DetailView.swift; path = scrumdinger/DetailView.swift; sourceTree = SOURCE_ROOT; };
		66A17CC62A2B1AF10040CB69 /* DetailEditView.swift */ = {isa = PBXFileReference; lastKnownFileType = sourcecode.swift; name = DetailEditView.swift; path = scrumdinger/DetailEditView.swift; sourceTree = SOURCE_ROOT; };
		66A17CC82A2BAE970040CB69 /* ThemeView.swift */ = {isa = PBXFileReference; lastKnownFileType = sourcecode.swift; name = ThemeView.swift; path = scrumdinger/ThemeView.swift; sourceTree = SOURCE_ROOT; };
		66A17CCA2A2BAF4E0040CB69 /* ThemePicker.swift */ = {isa = PBXFileReference; lastKnownFileType = sourcecode.swift; name = ThemePicker.swift; path = scrumdinger/ThemePicker.swift; sourceTree = SOURCE_ROOT; };
		66A17CCC2A2E06FB0040CB69 /* MeetingHeaderView.swift */ = {isa = PBXFileReference; lastKnownFileType = sourcecode.swift; name = MeetingHeaderView.swift; path = scrumdinger/MeetingHeaderView.swift; sourceTree = SOURCE_ROOT; };
		66A17CCF2A2E09600040CB69 /* ScrumProgressViewStyle.swift */ = {isa = PBXFileReference; lastKnownFileType = sourcecode.swift; name = ScrumProgressViewStyle.swift; path = scrumdinger/ScrumProgressViewStyle.swift; sourceTree = SOURCE_ROOT; };
		66A17CD12A2E0A290040CB69 /* ScrumTimer.swift */ = {isa = PBXFileReference; lastKnownFileType = sourcecode.swift; name = ScrumTimer.swift; path = scrumdinger/Models/ScrumTimer.swift; sourceTree = SOURCE_ROOT; };
		66A17CD32A2E0AFD0040CB69 /* MeetingFooterView.swift */ = {isa = PBXFileReference; lastKnownFileType = sourcecode.swift; name = MeetingFooterView.swift; path = scrumdinger/MeetingFooterView.swift; sourceTree = SOURCE_ROOT; };
		66A17CD52A2E0D690040CB69 /* NewScrumSheet.swift */ = {isa = PBXFileReference; lastKnownFileType = sourcecode.swift; name = NewScrumSheet.swift; path = scrumdinger/NewScrumSheet.swift; sourceTree = SOURCE_ROOT; };
		66B4AB862A15D506006D4CAF /* CardView.swift */ = {isa = PBXFileReference; lastKnownFileType = sourcecode.swift; name = CardView.swift; path = scrumdinger/CardView.swift; sourceTree = SOURCE_ROOT; };
		66B4AB882A15DFD3006D4CAF /* TrailingIconLabelStyle.swift */ = {isa = PBXFileReference; lastKnownFileType = sourcecode.swift; name = TrailingIconLabelStyle.swift; path = scrumdinger/TrailingIconLabelStyle.swift; sourceTree = SOURCE_ROOT; };
		66B4AB8A2A15E11F006D4CAF /* ScrumsView.swift */ = {isa = PBXFileReference; lastKnownFileType = sourcecode.swift; name = ScrumsView.swift; path = scrumdinger/ScrumsView.swift; sourceTree = SOURCE_ROOT; };
/* End PBXFileReference section */

/* Begin PBXFrameworksBuildPhase section */
		66669C8B2A12128000885A1A /* Frameworks */ = {
			isa = PBXFrameworksBuildPhase;
			buildActionMask = 2147483647;
			files = (
			);
			runOnlyForDeploymentPostprocessing = 0;
		};
/* End PBXFrameworksBuildPhase section */

/* Begin PBXGroup section */
		66669C852A12128000885A1A = {
			isa = PBXGroup;
			children = (
				66669C902A12128000885A1A /* Scrumdinger */,
				66669C8F2A12128000885A1A /* Products */,
			);
			sourceTree = "<group>";
		};
		66669C8F2A12128000885A1A /* Products */ = {
			isa = PBXGroup;
			children = (
				66669C8E2A12128000885A1A /* Scrumdinger.app */,
			);
			name = Products;
			sourceTree = "<group>";
		};
		66669C902A12128000885A1A /* Scrumdinger */ = {
			isa = PBXGroup;
			children = (
				6682573F2A1515FA00EC9D7D /* Models */,
				66669C912A12128000885A1A /* ScrumdingerApp.swift */,
				66669C932A12128000885A1A /* MeetingView.swift */,
				66B4AB862A15D506006D4CAF /* CardView.swift */,
				66B4AB882A15DFD3006D4CAF /* TrailingIconLabelStyle.swift */,
				66A17CC42A2B15CD0040CB69 /* DetailView.swift */,
				66B4AB8A2A15E11F006D4CAF /* ScrumsView.swift */,
				66A17CC62A2B1AF10040CB69 /* DetailEditView.swift */,
				66A17CC82A2BAE970040CB69 /* ThemeView.swift */,
				66A17CCA2A2BAF4E0040CB69 /* ThemePicker.swift */,
				66A17CCC2A2E06FB0040CB69 /* MeetingHeaderView.swift */,
				66A17CCF2A2E09600040CB69 /* ScrumProgressViewStyle.swift */,
				66A17CD32A2E0AFD0040CB69 /* MeetingFooterView.swift */,
				66A17CD52A2E0D690040CB69 /* NewScrumSheet.swift */,
				66669C952A12128100885A1A /* Assets.xcassets */,
				66669C972A12128100885A1A /* Preview Content */,
			);
			path = Scrumdinger;
			sourceTree = "<group>";
		};
		66669C972A12128100885A1A /* Preview Content */ = {
			isa = PBXGroup;
			children = (
				66669C982A12128100885A1A /* Preview Assets.xcassets */,
			);
			path = "Preview Content";
			sourceTree = "<group>";
		};
		6682573F2A1515FA00EC9D7D /* Models */ = {
			isa = PBXGroup;
			children = (
				668257402A15161D00EC9D7D /* Theme.swift */,
				668257422A15B79000EC9D7D /* DailyScrum.swift */,
				66A17CD12A2E0A290040CB69 /* ScrumTimer.swift */,
			);
			path = Models;
			sourceTree = "<group>";
		};
/* End PBXGroup section */

/* Begin PBXNativeTarget section */
		66669C8D2A12128000885A1A /* Scrumdinger */ = {
			isa = PBXNativeTarget;
			buildConfigurationList = 66669C9C2A12128100885A1A /* Build configuration list for PBXNativeTarget "Scrumdinger" */;
			buildPhases = (
				66669C8A2A12128000885A1A /* Sources */,
				66669C8B2A12128000885A1A /* Frameworks */,
				66669C8C2A12128000885A1A /* Resources */,
			);
			buildRules = (
			);
			dependencies = (
			);
			name = Scrumdinger;
			productName = Scrumdinger;
			productReference = 66669C8E2A12128000885A1A /* Scrumdinger.app */;
			productType = "com.apple.product-type.application";
		};
/* End PBXNativeTarget section */

/* Begin PBXProject section */
		66669C862A12128000885A1A /* Project object */ = {
			isa = PBXProject;
			attributes = {
				BuildIndependentTargetsInParallel = 1;
				LastSwiftUpdateCheck = 1420;
				LastUpgradeCheck = 1420;
				TargetAttributes = {
					66669C8D2A12128000885A1A = {
						CreatedOnToolsVersion = 14.2;
					};
				};
			};
			buildConfigurationList = 66669C892A12128000885A1A /* Build configuration list for PBXProject "Scrumdinger" */;
			compatibilityVersion = "Xcode 14.0";
			developmentRegion = en;
			hasScannedForEncodings = 0;
			knownRegions = (
				en,
				Base,
			);
			mainGroup = 66669C852A12128000885A1A;
			productRefGroup = 66669C8F2A12128000885A1A /* Products */;
			projectDirPath = "";
			projectRoot = "";
			targets = (
				66669C8D2A12128000885A1A /* Scrumdinger */,
			);
		};
/* End PBXProject section */

/* Begin PBXResourcesBuildPhase section */
		66669C8C2A12128000885A1A /* Resources */ = {
			isa = PBXResourcesBuildPhase;
			buildActionMask = 2147483647;
			files = (
				66669C992A12128100885A1A /* Preview Assets.xcassets in Resources */,
				66669C962A12128100885A1A /* Assets.xcassets in Resources */,
			);
			runOnlyForDeploymentPostprocessing = 0;
		};
/* End PBXResourcesBuildPhase section */

/* Begin PBXSourcesBuildPhase section */
		66669C8A2A12128000885A1A /* Sources */ = {
			isa = PBXSourcesBuildPhase;
			buildActionMask = 2147483647;
			files = (
				66A17CCB2A2BAF4E0040CB69 /* ThemePicker.swift in Sources */,
				66A17CD02A2E09600040CB69 /* ScrumProgressViewStyle.swift in Sources */,
				66A17CD42A2E0AFD0040CB69 /* MeetingFooterView.swift in Sources */,
				66A17CD22A2E0A290040CB69 /* ScrumTimer.swift in Sources */,
				668257432A15B79000EC9D7D /* DailyScrum.swift in Sources */,
				66A17CC52A2B15CD0040CB69 /* DetailView.swift in Sources */,
				66A17CCD2A2E06FB0040CB69 /* MeetingHeaderView.swift in Sources */,
				66A17CC72A2B1AF10040CB69 /* DetailEditView.swift in Sources */,
				66B4AB892A15DFD3006D4CAF /* TrailingIconLabelStyle.swift in Sources */,
				668257412A15161E00EC9D7D /* Theme.swift in Sources */,
				66B4AB8B2A15E11F006D4CAF /* ScrumsView.swift in Sources */,
				66A17CD62A2E0D6A0040CB69 /* NewScrumSheet.swift in Sources */,
				66669C942A12128000885A1A /* MeetingView.swift in Sources */,
				66669C922A12128000885A1A /* ScrumdingerApp.swift in Sources */,
				66A17CC92A2BAE970040CB69 /* ThemeView.swift in Sources */,
				66B4AB872A15D506006D4CAF /* CardView.swift in Sources */,
			);
			runOnlyForDeploymentPostprocessing = 0;
		};
/* End PBXSourcesBuildPhase section */

/* Begin XCBuildConfiguration section */
		66669C9A2A12128100885A1A /* Debug */ = {
			isa = XCBuildConfiguration;
			buildSettings = {
				ALWAYS_SEARCH_USER_PATHS = NO;
				CLANG_ANALYZER_NONNULL = YES;
				CLANG_ANALYZER_NUMBER_OBJECT_CONVERSION = YES_AGGRESSIVE;
				CLANG_CXX_LANGUAGE_STANDARD = "gnu++20";
				CLANG_ENABLE_MODULES = YES;
				CLANG_ENABLE_OBJC_ARC = YES;
				CLANG_ENABLE_OBJC_WEAK = YES;
				CLANG_WARN_BLOCK_CAPTURE_AUTORELEASING = YES;
				CLANG_WARN_BOOL_CONVERSION = YES;
				CLANG_WARN_COMMA = YES;
				CLANG_WARN_CONSTANT_CONVERSION = YES;
				CLANG_WARN_DEPRECATED_OBJC_IMPLEMENTATIONS = YES;
				CLANG_WARN_DIRECT_OBJC_ISA_USAGE = YES_ERROR;
				CLANG_WARN_DOCUMENTATION_COMMENTS = YES;
				CLANG_WARN_EMPTY_BODY = YES;
				CLANG_WARN_ENUM_CONVERSION = YES;
				CLANG_WARN_INFINITE_RECURSION = YES;
				CLANG_WARN_INT_CONVERSION = YES;
				CLANG_WARN_NON_LITERAL_NULL_CONVERSION = YES;
				CLANG_WARN_OBJC_IMPLICIT_RETAIN_SELF = YES;
				CLANG_WARN_OBJC_LITERAL_CONVERSION = YES;
				CLANG_WARN_OBJC_ROOT_CLASS = YES_ERROR;
				CLANG_WARN_QUOTED_INCLUDE_IN_FRAMEWORK_HEADER = YES;
				CLANG_WARN_RANGE_LOOP_ANALYSIS = YES;
				CLANG_WARN_STRICT_PROTOTYPES = YES;
				CLANG_WARN_SUSPICIOUS_MOVE = YES;
				CLANG_WARN_UNGUARDED_AVAILABILITY = YES_AGGRESSIVE;
				CLANG_WARN_UNREACHABLE_CODE = YES;
				CLANG_WARN__DUPLICATE_METHOD_MATCH = YES;
				COPY_PHASE_STRIP = NO;
				DEBUG_INFORMATION_FORMAT = dwarf;
				ENABLE_STRICT_OBJC_MSGSEND = YES;
				ENABLE_TESTABILITY = YES;
				GCC_C_LANGUAGE_STANDARD = gnu11;
				GCC_DYNAMIC_NO_PIC = NO;
				GCC_NO_COMMON_BLOCKS = YES;
				GCC_OPTIMIZATION_LEVEL = 0;
				GCC_PREPROCESSOR_DEFINITIONS = (
					"DEBUG=1",
					"$(inherited)",
				);
				GCC_WARN_64_TO_32_BIT_CONVERSION = YES;
				GCC_WARN_ABOUT_RETURN_TYPE = YES_ERROR;
				GCC_WARN_UNDECLARED_SELECTOR = YES;
				GCC_WARN_UNINITIALIZED_AUTOS = YES_AGGRESSIVE;
				GCC_WARN_UNUSED_FUNCTION = YES;
				GCC_WARN_UNUSED_VARIABLE = YES;
				IPHONEOS_DEPLOYMENT_TARGET = 16.2;
				MTL_ENABLE_DEBUG_INFO = INCLUDE_SOURCE;
				MTL_FAST_MATH = YES;
				ONLY_ACTIVE_ARCH = YES;
				SDKROOT = iphoneos;
				SWIFT_ACTIVE_COMPILATION_CONDITIONS = DEBUG;
				SWIFT_OPTIMIZATION_LEVEL = "-Onone";
			};
			name = Debug;
		};
		66669C9B2A12128100885A1A /* Release */ = {
			isa = XCBuildConfiguration;
			buildSettings = {
				ALWAYS_SEARCH_USER_PATHS = NO;
				CLANG_ANALYZER_NONNULL = YES;
				CLANG_ANALYZER_NUMBER_OBJECT_CONVERSION = YES_AGGRESSIVE;
				CLANG_CXX_LANGUAGE_STANDARD = "gnu++20";
				CLANG_ENABLE_MODULES = YES;
				CLANG_ENABLE_OBJC_ARC = YES;
				CLANG_ENABLE_OBJC_WEAK = YES;
				CLANG_WARN_BLOCK_CAPTURE_AUTORELEASING = YES;
				CLANG_WARN_BOOL_CONVERSION = YES;
				CLANG_WARN_COMMA = YES;
				CLANG_WARN_CONSTANT_CONVERSION = YES;
				CLANG_WARN_DEPRECATED_OBJC_IMPLEMENTATIONS = YES;
				CLANG_WARN_DIRECT_OBJC_ISA_USAGE = YES_ERROR;
				CLANG_WARN_DOCUMENTATION_COMMENTS = YES;
				CLANG_WARN_EMPTY_BODY = YES;
				CLANG_WARN_ENUM_CONVERSION = YES;
				CLANG_WARN_INFINITE_RECURSION = YES;
				CLANG_WARN_INT_CONVERSION = YES;
				CLANG_WARN_NON_LITERAL_NULL_CONVERSION = YES;
				CLANG_WARN_OBJC_IMPLICIT_RETAIN_SELF = YES;
				CLANG_WARN_OBJC_LITERAL_CONVERSION = YES;
				CLANG_WARN_OBJC_ROOT_CLASS = YES_ERROR;
				CLANG_WARN_QUOTED_INCLUDE_IN_FRAMEWORK_HEADER = YES;
				CLANG_WARN_RANGE_LOOP_ANALYSIS = YES;
				CLANG_WARN_STRICT_PROTOTYPES = YES;
				CLANG_WARN_SUSPICIOUS_MOVE = YES;
				CLANG_WARN_UNGUARDED_AVAILABILITY = YES_AGGRESSIVE;
				CLANG_WARN_UNREACHABLE_CODE = YES;
				CLANG_WARN__DUPLICATE_METHOD_MATCH = YES;
				COPY_PHASE_STRIP = NO;
				DEBUG_INFORMATION_FORMAT = "dwarf-with-dsym";
				ENABLE_NS_ASSERTIONS = NO;
				ENABLE_STRICT_OBJC_MSGSEND = YES;
				GCC_C_LANGUAGE_STANDARD = gnu11;
				GCC_NO_COMMON_BLOCKS = YES;
				GCC_WARN_64_TO_32_BIT_CONVERSION = YES;
				GCC_WARN_ABOUT_RETURN_TYPE = YES_ERROR;
				GCC_WARN_UNDECLARED_SELECTOR = YES;
				GCC_WARN_UNINITIALIZED_AUTOS = YES_AGGRESSIVE;
				GCC_WARN_UNUSED_FUNCTION = YES;
				GCC_WARN_UNUSED_VARIABLE = YES;
				IPHONEOS_DEPLOYMENT_TARGET = 16.2;
				MTL_ENABLE_DEBUG_INFO = NO;
				MTL_FAST_MATH = YES;
				SDKROOT = iphoneos;
				SWIFT_COMPILATION_MODE = wholemodule;
				SWIFT_OPTIMIZATION_LEVEL = "-O";
				VALIDATE_PRODUCT = YES;
			};
			name = Release;
		};
		66669C9D2A12128100885A1A /* Debug */ = {
			isa = XCBuildConfiguration;
			buildSettings = {
				ASSETCATALOG_COMPILER_APPICON_NAME = AppIcon;
				ASSETCATALOG_COMPILER_GLOBAL_ACCENT_COLOR_NAME = AccentColor;
				CODE_SIGN_STYLE = Automatic;
				CURRENT_PROJECT_VERSION = 1;
				DEVELOPMENT_ASSET_PATHS = "\"Scrumdinger/Preview Content\"";
				ENABLE_PREVIEWS = YES;
				GENERATE_INFOPLIST_FILE = YES;
				INFOPLIST_KEY_UIApplicationSceneManifest_Generation = YES;
				INFOPLIST_KEY_UIApplicationSupportsIndirectInputEvents = YES;
				INFOPLIST_KEY_UILaunchScreen_Generation = YES;
				INFOPLIST_KEY_UISupportedInterfaceOrientations_iPad = "UIInterfaceOrientationPortrait UIInterfaceOrientationPortraitUpsideDown UIInterfaceOrientationLandscapeLeft UIInterfaceOrientationLandscapeRight";
				INFOPLIST_KEY_UISupportedInterfaceOrientations_iPhone = "UIInterfaceOrientationPortrait UIInterfaceOrientationLandscapeLeft UIInterfaceOrientationLandscapeRight";
				LD_RUNPATH_SEARCH_PATHS = (
					"$(inherited)",
					"@executable_path/Frameworks",
				);
				MARKETING_VERSION = 1.0;
				PRODUCT_BUNDLE_IDENTIFIER = com.example.Scrumdinger;
				PRODUCT_NAME = "$(TARGET_NAME)";
				SWIFT_EMIT_LOC_STRINGS = YES;
				SWIFT_VERSION = 5.0;
				TARGETED_DEVICE_FAMILY = "1,2";
			};
			name = Debug;
		};
		66669C9E2A12128100885A1A /* Release */ = {
			isa = XCBuildConfiguration;
			buildSettings = {
				ASSETCATALOG_COMPILER_APPICON_NAME = AppIcon;
				ASSETCATALOG_COMPILER_GLOBAL_ACCENT_COLOR_NAME = AccentColor;
				CODE_SIGN_STYLE = Automatic;
				CURRENT_PROJECT_VERSION = 1;
				DEVELOPMENT_ASSET_PATHS = "\"Scrumdinger/Preview Content\"";
				ENABLE_PREVIEWS = YES;
				GENERATE_INFOPLIST_FILE = YES;
				INFOPLIST_KEY_UIApplicationSceneManifest_Generation = YES;
				INFOPLIST_KEY_UIApplicationSupportsIndirectInputEvents = YES;
				INFOPLIST_KEY_UILaunchScreen_Generation = YES;
				INFOPLIST_KEY_UISupportedInterfaceOrientations_iPad = "UIInterfaceOrientationPortrait UIInterfaceOrientationPortraitUpsideDown UIInterfaceOrientationLandscapeLeft UIInterfaceOrientationLandscapeRight";
				INFOPLIST_KEY_UISupportedInterfaceOrientations_iPhone = "UIInterfaceOrientationPortrait UIInterfaceOrientationLandscapeLeft UIInterfaceOrientationLandscapeRight";
				LD_RUNPATH_SEARCH_PATHS = (
					"$(inherited)",
					"@executable_path/Frameworks",
				);
				MARKETING_VERSION = 1.0;
				PRODUCT_BUNDLE_IDENTIFIER = com.example.Scrumdinger;
				PRODUCT_NAME = "$(TARGET_NAME)";
				SWIFT_EMIT_LOC_STRINGS = YES;
				SWIFT_VERSION = 5.0;
				TARGETED_DEVICE_FAMILY = "1,2";
			};
			name = Release;
		};
/* End XCBuildConfiguration section */

/* Begin XCConfigurationList section */
		66669C892A12128000885A1A /* Build configuration list for PBXProject "Scrumdinger" */ = {
			isa = XCConfigurationList;
			buildConfigurations = (
				66669C9A2A12128100885A1A /* Debug */,
				66669C9B2A12128100885A1A /* Release */,
			);
			defaultConfigurationIsVisible = 0;
			defaultConfigurationName = Release;
		};
		66669C9C2A12128100885A1A /* Build configuration list for PBXNativeTarget "Scrumdinger" */ = {
			isa = XCConfigurationList;
			buildConfigurations = (
				66669C9D2A12128100885A1A /* Debug */,
				66669C9E2A12128100885A1A /* Release */,
			);
			defaultConfigurationIsVisible = 0;
			defaultConfigurationName = Release;
		};
/* End XCConfigurationList section */
	};
	rootObject = 66669C862A12128000885A1A /* Project object */;
}
